// !$*UTF8*$!
{
	archiveVersion = 1;
	classes = {
	};
	objectVersion = 46;
	objects = {

/* Begin PBXBuildFile section */
		420539811635C67D0056A993 /* LocationViewController.m in Sources */ = {isa = PBXBuildFile; fileRef = 420539801635C67C0056A993 /* LocationViewController.m */; };
		42053989163821EC0056A993 /* CoreDataTableViewController.m in Sources */ = {isa = PBXBuildFile; fileRef = 42053988163821EC0056A993 /* CoreDataTableViewController.m */; };
		42053998163850340056A993 /* FlickrBrowser.xcdatamodeld in Sources */ = {isa = PBXBuildFile; fileRef = 42053996163850340056A993 /* FlickrBrowser.xcdatamodeld */; };
		420539B1163853DC0056A993 /* Photo+Flickr.m in Sources */ = {isa = PBXBuildFile; fileRef = 420539B0163853DC0056A993 /* Photo+Flickr.m */; };
		420539B4163858180056A993 /* Location+TakePicture.m in Sources */ = {isa = PBXBuildFile; fileRef = 420539B3163858180056A993 /* Location+TakePicture.m */; };
		420539B616385E640056A993 /* CoreData.framework in Frameworks */ = {isa = PBXBuildFile; fileRef = 420539B516385E640056A993 /* CoreData.framework */; };
		424184C6162C21E4003891B7 /* iPadStoryboard.storyboard in Resources */ = {isa = PBXBuildFile; fileRef = 424184C5162C21E4003891B7 /* iPadStoryboard.storyboard */; };
		424184DC162EF1FF003891B7 /* MapKit.framework in Frameworks */ = {isa = PBXBuildFile; fileRef = 424184DB162EF1FF003891B7 /* MapKit.framework */; };
		424184DE162EF25C003891B7 /* CoreLocation.framework in Frameworks */ = {isa = PBXBuildFile; fileRef = 424184DD162EF25C003891B7 /* CoreLocation.framework */; };
		424184E1162EF31E003891B7 /* MapViewController.m in Sources */ = {isa = PBXBuildFile; fileRef = 424184E0162EF31E003891B7 /* MapViewController.m */; };
		424184F0162F3DB6003891B7 /* FlickrPhotoAnnotation.m in Sources */ = {isa = PBXBuildFile; fileRef = 424184EF162F3DB6003891B7 /* FlickrPhotoAnnotation.m */; };
		425DA71016442B6E00D094D6 /* VacationViewController.m in Sources */ = {isa = PBXBuildFile; fileRef = 425DA70F16442B6D00D094D6 /* VacationViewController.m */; };
		426FBFA416515BE10051592F /* VisitUnvisitButtonController.m in Sources */ = {isa = PBXBuildFile; fileRef = 426FBFA316515BE10051592F /* VisitUnvisitButtonController.m */; };
		4277D7A716497F0600912B5D /* VacationHelper.m in Sources */ = {isa = PBXBuildFile; fileRef = 4277D7A616497F0600912B5D /* VacationHelper.m */; };
		4277D7B3164AE60000912B5D /* Tag+Add.m in Sources */ = {isa = PBXBuildFile; fileRef = 4277D7B2164AE60000912B5D /* Tag+Add.m */; };
		4277D7BC164AED0D00912B5D /* TagsViewController.m in Sources */ = {isa = PBXBuildFile; fileRef = 4277D7BB164AED0D00912B5D /* TagsViewController.m */; };
		429B2F81165A8E5200E314B7 /* VacationPlanNameController.m in Sources */ = {isa = PBXBuildFile; fileRef = 429B2F80165A8E5200E314B7 /* VacationPlanNameController.m */; };
		42C282D31620ADB600EFA5C7 /* ShowImageViewController.m in Sources */ = {isa = PBXBuildFile; fileRef = 42C282D21620ADB600EFA5C7 /* ShowImageViewController.m */; };
		42D31DDA164BDE710075070E /* Location.m in Sources */ = {isa = PBXBuildFile; fileRef = 42D31DD9164BDE700075070E /* Location.m */; };
		42D31DDE164BDE730075070E /* Photo.m in Sources */ = {isa = PBXBuildFile; fileRef = 42D31DDD164BDE720075070E /* Photo.m */; };
		42D31DE1164BDE730075070E /* Tag.m in Sources */ = {isa = PBXBuildFile; fileRef = 42D31DE0164BDE730075070E /* Tag.m */; };
		42D31DE4164C13550075070E /* VacationPhotoListController.m in Sources */ = {isa = PBXBuildFile; fileRef = 42D31DE3164C13550075070E /* VacationPhotoListController.m */; };
		42DB63DA161F58D800FBF517 /* TopPhotoViewController.m in Sources */ = {isa = PBXBuildFile; fileRef = 42DB63D9161F58D800FBF517 /* TopPhotoViewController.m */; };
		42E69279161735890024262E /* UIKit.framework in Frameworks */ = {isa = PBXBuildFile; fileRef = 42E69278161735890024262E /* UIKit.framework */; };
		42E6927B161735890024262E /* Foundation.framework in Frameworks */ = {isa = PBXBuildFile; fileRef = 42E6927A161735890024262E /* Foundation.framework */; };
		42E6927D161735890024262E /* CoreGraphics.framework in Frameworks */ = {isa = PBXBuildFile; fileRef = 42E6927C161735890024262E /* CoreGraphics.framework */; };
		42E69283161735890024262E /* InfoPlist.strings in Resources */ = {isa = PBXBuildFile; fileRef = 42E69281161735890024262E /* InfoPlist.strings */; };
		42E69285161735890024262E /* main.m in Sources */ = {isa = PBXBuildFile; fileRef = 42E69284161735890024262E /* main.m */; };
		42E69289161735890024262E /* FlickrAppAppDelegate.m in Sources */ = {isa = PBXBuildFile; fileRef = 42E69288161735890024262E /* FlickrAppAppDelegate.m */; };
		42E6928B161735890024262E /* Default.png in Resources */ = {isa = PBXBuildFile; fileRef = 42E6928A161735890024262E /* Default.png */; };
		42E6928D161735890024262E /* Default@2x.png in Resources */ = {isa = PBXBuildFile; fileRef = 42E6928C161735890024262E /* Default@2x.png */; };
		42E6928F161735890024262E /* Default-568h@2x.png in Resources */ = {isa = PBXBuildFile; fileRef = 42E6928E161735890024262E /* Default-568h@2x.png */; };
		42E69292161735890024262E /* iPhoneStoryboard.storyboard in Resources */ = {isa = PBXBuildFile; fileRef = 42E69290161735890024262E /* iPhoneStoryboard.storyboard */; };
		42E692B516173A690024262E /* FlickrFetcher.m in Sources */ = {isa = PBXBuildFile; fileRef = 42E692B416173A690024262E /* FlickrFetcher.m */; };
		42E692BB161745AE0024262E /* FirstTableViewController.m in Sources */ = {isa = PBXBuildFile; fileRef = 42E692BA161745AE0024262E /* FirstTableViewController.m */; };
		42E692BE161745D50024262E /* SecondTableViewController.m in Sources */ = {isa = PBXBuildFile; fileRef = 42E692BD161745D50024262E /* SecondTableViewController.m */; };
		42F08AFE1656DF3D00DADF07 /* AddVacationViewController.m in Sources */ = {isa = PBXBuildFile; fileRef = 42F08AFD1656DF3C00DADF07 /* AddVacationViewController.m */; };
/* End PBXBuildFile section */

/* Begin PBXFileReference section */
		4205397F1635C67C0056A993 /* LocationViewController.h */ = {isa = PBXFileReference; fileEncoding = 4; lastKnownFileType = sourcecode.c.h; path = LocationViewController.h; sourceTree = "<group>"; };
		420539801635C67C0056A993 /* LocationViewController.m */ = {isa = PBXFileReference; fileEncoding = 4; lastKnownFileType = sourcecode.c.objc; path = LocationViewController.m; sourceTree = "<group>"; };
		42053987163821EC0056A993 /* CoreDataTableViewController.h */ = {isa = PBXFileReference; fileEncoding = 4; lastKnownFileType = sourcecode.c.h; path = CoreDataTableViewController.h; sourceTree = "<group>"; };
		42053988163821EC0056A993 /* CoreDataTableViewController.m */ = {isa = PBXFileReference; fileEncoding = 4; lastKnownFileType = sourcecode.c.objc; path = CoreDataTableViewController.m; sourceTree = "<group>"; };
		42053997163850340056A993 /* FlickrBrowser.xcdatamodel */ = {isa = PBXFileReference; lastKnownFileType = wrapper.xcdatamodel; path = FlickrBrowser.xcdatamodel; sourceTree = "<group>"; };
		420539AF163853DC0056A993 /* Photo+Flickr.h */ = {isa = PBXFileReference; fileEncoding = 4; lastKnownFileType = sourcecode.c.h; path = "Photo+Flickr.h"; sourceTree = "<group>"; };
		420539B0163853DC0056A993 /* Photo+Flickr.m */ = {isa = PBXFileReference; fileEncoding = 4; lastKnownFileType = sourcecode.c.objc; path = "Photo+Flickr.m"; sourceTree = "<group>"; };
		420539B2163858170056A993 /* Location+TakePicture.h */ = {isa = PBXFileReference; fileEncoding = 4; lastKnownFileType = sourcecode.c.h; path = "Location+TakePicture.h"; sourceTree = "<group>"; };
		420539B3163858180056A993 /* Location+TakePicture.m */ = {isa = PBXFileReference; fileEncoding = 4; lastKnownFileType = sourcecode.c.objc; path = "Location+TakePicture.m"; sourceTree = "<group>"; };
		420539B516385E640056A993 /* CoreData.framework */ = {isa = PBXFileReference; lastKnownFileType = wrapper.framework; name = CoreData.framework; path = System/Library/Frameworks/CoreData.framework; sourceTree = SDKROOT; };
		424184C5162C21E4003891B7 /* iPadStoryboard.storyboard */ = {isa = PBXFileReference; fileEncoding = 4; lastKnownFileType = file.storyboard; name = iPadStoryboard.storyboard; path = ../iPadStoryboard.storyboard; sourceTree = "<group>"; };
		424184C7162C3549003891B7 /* SplitViewBarButtonItemPresenter.h */ = {isa = PBXFileReference; fileEncoding = 4; lastKnownFileType = sourcecode.c.h; path = SplitViewBarButtonItemPresenter.h; sourceTree = "<group>"; };
		424184DB162EF1FF003891B7 /* MapKit.framework */ = {isa = PBXFileReference; lastKnownFileType = wrapper.framework; name = MapKit.framework; path = System/Library/Frameworks/MapKit.framework; sourceTree = SDKROOT; };
		424184DD162EF25C003891B7 /* CoreLocation.framework */ = {isa = PBXFileReference; lastKnownFileType = wrapper.framework; name = CoreLocation.framework; path = System/Library/Frameworks/CoreLocation.framework; sourceTree = SDKROOT; };
		424184DF162EF31E003891B7 /* MapViewController.h */ = {isa = PBXFileReference; fileEncoding = 4; lastKnownFileType = sourcecode.c.h; path = MapViewController.h; sourceTree = "<group>"; };
		424184E0162EF31E003891B7 /* MapViewController.m */ = {isa = PBXFileReference; fileEncoding = 4; lastKnownFileType = sourcecode.c.objc; path = MapViewController.m; sourceTree = "<group>"; };
		424184EE162F3DB6003891B7 /* FlickrPhotoAnnotation.h */ = {isa = PBXFileReference; fileEncoding = 4; lastKnownFileType = sourcecode.c.h; path = FlickrPhotoAnnotation.h; sourceTree = "<group>"; };
		424184EF162F3DB6003891B7 /* FlickrPhotoAnnotation.m */ = {isa = PBXFileReference; fileEncoding = 4; lastKnownFileType = sourcecode.c.objc; path = FlickrPhotoAnnotation.m; sourceTree = "<group>"; };
		425DA70E16442B6D00D094D6 /* VacationViewController.h */ = {isa = PBXFileReference; fileEncoding = 4; lastKnownFileType = sourcecode.c.h; path = VacationViewController.h; sourceTree = "<group>"; };
		425DA70F16442B6D00D094D6 /* VacationViewController.m */ = {isa = PBXFileReference; fileEncoding = 4; lastKnownFileType = sourcecode.c.objc; path = VacationViewController.m; sourceTree = "<group>"; };
		426FBFA216515BE10051592F /* VisitUnvisitButtonController.h */ = {isa = PBXFileReference; fileEncoding = 4; lastKnownFileType = sourcecode.c.h; path = VisitUnvisitButtonController.h; sourceTree = "<group>"; };
		426FBFA316515BE10051592F /* VisitUnvisitButtonController.m */ = {isa = PBXFileReference; fileEncoding = 4; lastKnownFileType = sourcecode.c.objc; path = VisitUnvisitButtonController.m; sourceTree = "<group>"; };
		4277D7A516497F0600912B5D /* VacationHelper.h */ = {isa = PBXFileReference; fileEncoding = 4; lastKnownFileType = sourcecode.c.h; path = VacationHelper.h; sourceTree = "<group>"; };
		4277D7A616497F0600912B5D /* VacationHelper.m */ = {isa = PBXFileReference; fileEncoding = 4; lastKnownFileType = sourcecode.c.objc; path = VacationHelper.m; sourceTree = "<group>"; };
		4277D7B1164AE5FF00912B5D /* Tag+Add.h */ = {isa = PBXFileReference; fileEncoding = 4; lastKnownFileType = sourcecode.c.h; path = "Tag+Add.h"; sourceTree = "<group>"; };
		4277D7B2164AE60000912B5D /* Tag+Add.m */ = {isa = PBXFileReference; fileEncoding = 4; lastKnownFileType = sourcecode.c.objc; path = "Tag+Add.m"; sourceTree = "<group>"; };
		4277D7BA164AED0C00912B5D /* TagsViewController.h */ = {isa = PBXFileReference; fileEncoding = 4; lastKnownFileType = sourcecode.c.h; path = TagsViewController.h; sourceTree = "<group>"; };
		4277D7BB164AED0D00912B5D /* TagsViewController.m */ = {isa = PBXFileReference; fileEncoding = 4; lastKnownFileType = sourcecode.c.objc; path = TagsViewController.m; sourceTree = "<group>"; };
		429B2F7F165A8E5100E314B7 /* VacationPlanNameController.h */ = {isa = PBXFileReference; fileEncoding = 4; lastKnownFileType = sourcecode.c.h; path = VacationPlanNameController.h; sourceTree = "<group>"; };
		429B2F80165A8E5200E314B7 /* VacationPlanNameController.m */ = {isa = PBXFileReference; fileEncoding = 4; lastKnownFileType = sourcecode.c.objc; path = VacationPlanNameController.m; sourceTree = "<group>"; };
		42C282D11620ADB600EFA5C7 /* ShowImageViewController.h */ = {isa = PBXFileReference; fileEncoding = 4; lastKnownFileType = sourcecode.c.h; name = ShowImageViewController.h; path = ../ShowImageViewController.h; sourceTree = "<group>"; };
		42C282D21620ADB600EFA5C7 /* ShowImageViewController.m */ = {isa = PBXFileReference; fileEncoding = 4; lastKnownFileType = sourcecode.c.objc; name = ShowImageViewController.m; path = ../ShowImageViewController.m; sourceTree = "<group>"; };
		42D31DD8164BDE700075070E /* Location.h */ = {isa = PBXFileReference; fileEncoding = 4; lastKnownFileType = sourcecode.c.h; path = Location.h; sourceTree = "<group>"; };
		42D31DD9164BDE700075070E /* Location.m */ = {isa = PBXFileReference; fileEncoding = 4; lastKnownFileType = sourcecode.c.objc; path = Location.m; sourceTree = "<group>"; };
		42D31DDC164BDE720075070E /* Photo.h */ = {isa = PBXFileReference; fileEncoding = 4; lastKnownFileType = sourcecode.c.h; path = Photo.h; sourceTree = "<group>"; };
		42D31DDD164BDE720075070E /* Photo.m */ = {isa = PBXFileReference; fileEncoding = 4; lastKnownFileType = sourcecode.c.objc; path = Photo.m; sourceTree = "<group>"; };
		42D31DDF164BDE730075070E /* Tag.h */ = {isa = PBXFileReference; fileEncoding = 4; lastKnownFileType = sourcecode.c.h; path = Tag.h; sourceTree = "<group>"; };
		42D31DE0164BDE730075070E /* Tag.m */ = {isa = PBXFileReference; fileEncoding = 4; lastKnownFileType = sourcecode.c.objc; path = Tag.m; sourceTree = "<group>"; };
		42D31DE2164C13530075070E /* VacationPhotoListController.h */ = {isa = PBXFileReference; fileEncoding = 4; lastKnownFileType = sourcecode.c.h; path = VacationPhotoListController.h; sourceTree = "<group>"; };
		42D31DE3164C13550075070E /* VacationPhotoListController.m */ = {isa = PBXFileReference; fileEncoding = 4; lastKnownFileType = sourcecode.c.objc; path = VacationPhotoListController.m; sourceTree = "<group>"; };
		42DB63D8161F58D800FBF517 /* TopPhotoViewController.h */ = {isa = PBXFileReference; fileEncoding = 4; lastKnownFileType = sourcecode.c.h; path = TopPhotoViewController.h; sourceTree = "<group>"; };
		42DB63D9161F58D800FBF517 /* TopPhotoViewController.m */ = {isa = PBXFileReference; fileEncoding = 4; lastKnownFileType = sourcecode.c.objc; path = TopPhotoViewController.m; sourceTree = "<group>"; };
		42E69274161735880024262E /* FlickrBrowser.app */ = {isa = PBXFileReference; explicitFileType = wrapper.application; includeInIndex = 0; path = FlickrBrowser.app; sourceTree = BUILT_PRODUCTS_DIR; };
		42E69278161735890024262E /* UIKit.framework */ = {isa = PBXFileReference; lastKnownFileType = wrapper.framework; name = UIKit.framework; path = System/Library/Frameworks/UIKit.framework; sourceTree = SDKROOT; };
		42E6927A161735890024262E /* Foundation.framework */ = {isa = PBXFileReference; lastKnownFileType = wrapper.framework; name = Foundation.framework; path = System/Library/Frameworks/Foundation.framework; sourceTree = SDKROOT; };
		42E6927C161735890024262E /* CoreGraphics.framework */ = {isa = PBXFileReference; lastKnownFileType = wrapper.framework; name = CoreGraphics.framework; path = System/Library/Frameworks/CoreGraphics.framework; sourceTree = SDKROOT; };
		42E69280161735890024262E /* FlickrBrowser-Info.plist */ = {isa = PBXFileReference; lastKnownFileType = text.plist.xml; path = "FlickrBrowser-Info.plist"; sourceTree = "<group>"; };
		42E69282161735890024262E /* en */ = {isa = PBXFileReference; lastKnownFileType = text.plist.strings; name = en; path = en.lproj/InfoPlist.strings; sourceTree = "<group>"; };
		42E69284161735890024262E /* main.m */ = {isa = PBXFileReference; lastKnownFileType = sourcecode.c.objc; path = main.m; sourceTree = "<group>"; };
		42E69286161735890024262E /* FlickrBrowser-Prefix.pch */ = {isa = PBXFileReference; lastKnownFileType = sourcecode.c.h; path = "FlickrBrowser-Prefix.pch"; sourceTree = "<group>"; };
		42E69287161735890024262E /* FlickrAppAppDelegate.h */ = {isa = PBXFileReference; lastKnownFileType = sourcecode.c.h; path = FlickrAppAppDelegate.h; sourceTree = "<group>"; };
		42E69288161735890024262E /* FlickrAppAppDelegate.m */ = {isa = PBXFileReference; lastKnownFileType = sourcecode.c.objc; path = FlickrAppAppDelegate.m; sourceTree = "<group>"; };
		42E6928A161735890024262E /* Default.png */ = {isa = PBXFileReference; lastKnownFileType = image.png; path = Default.png; sourceTree = "<group>"; };
		42E6928C161735890024262E /* Default@2x.png */ = {isa = PBXFileReference; lastKnownFileType = image.png; path = "Default@2x.png"; sourceTree = "<group>"; };
		42E6928E161735890024262E /* Default-568h@2x.png */ = {isa = PBXFileReference; lastKnownFileType = image.png; path = "Default-568h@2x.png"; sourceTree = "<group>"; };
		42E69291161735890024262E /* en */ = {isa = PBXFileReference; lastKnownFileType = file.storyboard; name = en; path = en.lproj/iPhoneStoryboard.storyboard; sourceTree = "<group>"; };
		42E692B216173A690024262E /* FlickrAPIKey.h */ = {isa = PBXFileReference; fileEncoding = 4; lastKnownFileType = sourcecode.c.h; path = FlickrAPIKey.h; sourceTree = "<group>"; };
		42E692B316173A690024262E /* FlickrFetcher.h */ = {isa = PBXFileReference; fileEncoding = 4; lastKnownFileType = sourcecode.c.h; path = FlickrFetcher.h; sourceTree = "<group>"; };
		42E692B416173A690024262E /* FlickrFetcher.m */ = {isa = PBXFileReference; fileEncoding = 4; lastKnownFileType = sourcecode.c.objc; path = FlickrFetcher.m; sourceTree = "<group>"; };
		42E692B9161745AE0024262E /* FirstTableViewController.h */ = {isa = PBXFileReference; fileEncoding = 4; lastKnownFileType = sourcecode.c.h; path = FirstTableViewController.h; sourceTree = "<group>"; };
		42E692BA161745AE0024262E /* FirstTableViewController.m */ = {isa = PBXFileReference; fileEncoding = 4; lastKnownFileType = sourcecode.c.objc; path = FirstTableViewController.m; sourceTree = "<group>"; };
		42E692BC161745D50024262E /* SecondTableViewController.h */ = {isa = PBXFileReference; fileEncoding = 4; lastKnownFileType = sourcecode.c.h; path = SecondTableViewController.h; sourceTree = "<group>"; };
		42E692BD161745D50024262E /* SecondTableViewController.m */ = {isa = PBXFileReference; fileEncoding = 4; lastKnownFileType = sourcecode.c.objc; path = SecondTableViewController.m; sourceTree = "<group>"; };
		42F08AFC1656DF3C00DADF07 /* AddVacationViewController.h */ = {isa = PBXFileReference; fileEncoding = 4; lastKnownFileType = sourcecode.c.h; path = AddVacationViewController.h; sourceTree = "<group>"; };
		42F08AFD1656DF3C00DADF07 /* AddVacationViewController.m */ = {isa = PBXFileReference; fileEncoding = 4; lastKnownFileType = sourcecode.c.objc; path = AddVacationViewController.m; sourceTree = "<group>"; };
/* End PBXFileReference section */

/* Begin PBXFrameworksBuildPhase section */
		42E69271161735880024262E /* Frameworks */ = {
			isa = PBXFrameworksBuildPhase;
			buildActionMask = 2147483647;
			files = (
				420539B616385E640056A993 /* CoreData.framework in Frameworks */,
				424184DE162EF25C003891B7 /* CoreLocation.framework in Frameworks */,
				424184DC162EF1FF003891B7 /* MapKit.framework in Frameworks */,
				42E69279161735890024262E /* UIKit.framework in Frameworks */,
				42E6927B161735890024262E /* Foundation.framework in Frameworks */,
				42E6927D161735890024262E /* CoreGraphics.framework in Frameworks */,
			);
			runOnlyForDeploymentPostprocessing = 0;
		};
/* End PBXFrameworksBuildPhase section */

/* Begin PBXGroup section */
		42E69269161735880024262E = {
			isa = PBXGroup;
			children = (
				42E6927E161735890024262E /* FlickrBrowser */,
				42E69277161735890024262E /* Frameworks */,
				42E69275161735880024262E /* Products */,
			);
			sourceTree = "<group>";
		};
		42E69275161735880024262E /* Products */ = {
			isa = PBXGroup;
			children = (
				42E69274161735880024262E /* FlickrBrowser.app */,
			);
			name = Products;
			sourceTree = "<group>";
		};
		42E69277161735890024262E /* Frameworks */ = {
			isa = PBXGroup;
			children = (
				420539B516385E640056A993 /* CoreData.framework */,
				424184DD162EF25C003891B7 /* CoreLocation.framework */,
				424184DB162EF1FF003891B7 /* MapKit.framework */,
				42E69278161735890024262E /* UIKit.framework */,
				42E6927A161735890024262E /* Foundation.framework */,
				42E6927C161735890024262E /* CoreGraphics.framework */,
			);
			name = Frameworks;
			sourceTree = "<group>";
		};
		42E6927E161735890024262E /* FlickrBrowser */ = {
			isa = PBXGroup;
			children = (
				424184C7162C3549003891B7 /* SplitViewBarButtonItemPresenter.h */,
				42E692B216173A690024262E /* FlickrAPIKey.h */,
				42E692B316173A690024262E /* FlickrFetcher.h */,
				42E692B416173A690024262E /* FlickrFetcher.m */,
				4277D7A516497F0600912B5D /* VacationHelper.h */,
				4277D7A616497F0600912B5D /* VacationHelper.m */,
				42053987163821EC0056A993 /* CoreDataTableViewController.h */,
				42053988163821EC0056A993 /* CoreDataTableViewController.m */,
				425DA70E16442B6D00D094D6 /* VacationViewController.h */,
				425DA70F16442B6D00D094D6 /* VacationViewController.m */,
				4277D7BA164AED0C00912B5D /* TagsViewController.h */,
				4277D7BB164AED0D00912B5D /* TagsViewController.m */,
				42E692B9161745AE0024262E /* FirstTableViewController.h */,
				42E692BA161745AE0024262E /* FirstTableViewController.m */,
				42DB63D8161F58D800FBF517 /* TopPhotoViewController.h */,
				42DB63D9161F58D800FBF517 /* TopPhotoViewController.m */,
				4205397F1635C67C0056A993 /* LocationViewController.h */,
				420539801635C67C0056A993 /* LocationViewController.m */,
				42D31DE2164C13530075070E /* VacationPhotoListController.h */,
				42D31DE3164C13550075070E /* VacationPhotoListController.m */,
				420539B2163858170056A993 /* Location+TakePicture.h */,
				420539B3163858180056A993 /* Location+TakePicture.m */,
				420539AF163853DC0056A993 /* Photo+Flickr.h */,
				420539B0163853DC0056A993 /* Photo+Flickr.m */,
				42053996163850340056A993 /* FlickrBrowser.xcdatamodeld */,
				42D31DDF164BDE730075070E /* Tag.h */,
				42D31DE0164BDE730075070E /* Tag.m */,
				42D31DDC164BDE720075070E /* Photo.h */,
				42D31DDD164BDE720075070E /* Photo.m */,
				42D31DD8164BDE700075070E /* Location.h */,
				42D31DD9164BDE700075070E /* Location.m */,
				4277D7B1164AE5FF00912B5D /* Tag+Add.h */,
				4277D7B2164AE60000912B5D /* Tag+Add.m */,
				42E692BC161745D50024262E /* SecondTableViewController.h */,
				42E692BD161745D50024262E /* SecondTableViewController.m */,
				42C282D11620ADB600EFA5C7 /* ShowImageViewController.h */,
				42C282D21620ADB600EFA5C7 /* ShowImageViewController.m */,
				429B2F7F165A8E5100E314B7 /* VacationPlanNameController.h */,
				429B2F80165A8E5200E314B7 /* VacationPlanNameController.m */,
				426FBFA216515BE10051592F /* VisitUnvisitButtonController.h */,
				426FBFA316515BE10051592F /* VisitUnvisitButtonController.m */,
				424184DF162EF31E003891B7 /* MapViewController.h */,
				424184E0162EF31E003891B7 /* MapViewController.m */,
				424184EE162F3DB6003891B7 /* FlickrPhotoAnnotation.h */,
				424184EF162F3DB6003891B7 /* FlickrPhotoAnnotation.m */,
				42E69290161735890024262E /* iPhoneStoryboard.storyboard */,
				42F08AFC1656DF3C00DADF07 /* AddVacationViewController.h */,
				42F08AFD1656DF3C00DADF07 /* AddVacationViewController.m */,
				424184C5162C21E4003891B7 /* iPadStoryboard.storyboard */,
				42E6927F161735890024262E /* Supporting Files */,
			);
			path = FlickrBrowser;
			sourceTree = "<group>";
		};
		42E6927F161735890024262E /* Supporting Files */ = {
			isa = PBXGroup;
			children = (
				42E69287161735890024262E /* FlickrAppAppDelegate.h */,
				42E69288161735890024262E /* FlickrAppAppDelegate.m */,
				42E69280161735890024262E /* FlickrBrowser-Info.plist */,
				42E69281161735890024262E /* InfoPlist.strings */,
				42E69284161735890024262E /* main.m */,
				42E69286161735890024262E /* FlickrBrowser-Prefix.pch */,
				42E6928A161735890024262E /* Default.png */,
				42E6928C161735890024262E /* Default@2x.png */,
				42E6928E161735890024262E /* Default-568h@2x.png */,
			);
			name = "Supporting Files";
			sourceTree = "<group>";
		};
/* End PBXGroup section */

/* Begin PBXNativeTarget section */
		42E69273161735880024262E /* FlickrBrowser */ = {
			isa = PBXNativeTarget;
			buildConfigurationList = 42E692A6161735890024262E /* Build configuration list for PBXNativeTarget "FlickrBrowser" */;
			buildPhases = (
				42E69270161735880024262E /* Sources */,
				42E69271161735880024262E /* Frameworks */,
				42E69272161735880024262E /* Resources */,
			);
			buildRules = (
			);
			dependencies = (
			);
			name = FlickrBrowser;
			productName = FlickrBrowser;
			productReference = 42E69274161735880024262E /* FlickrBrowser.app */;
			productType = "com.apple.product-type.application";
		};
/* End PBXNativeTarget section */

/* Begin PBXProject section */
		42E6926B161735880024262E /* Project object */ = {
			isa = PBXProject;
			attributes = {
				CLASSPREFIX = FlickrApp;
				LastUpgradeCheck = 0450;
				ORGANIZATIONNAME = Zshcbka;
			};
			buildConfigurationList = 42E6926E161735880024262E /* Build configuration list for PBXProject "FlickrBrowser" */;
			compatibilityVersion = "Xcode 3.2";
			developmentRegion = English;
			hasScannedForEncodings = 0;
			knownRegions = (
				en,
			);
			mainGroup = 42E69269161735880024262E;
			productRefGroup = 42E69275161735880024262E /* Products */;
			projectDirPath = "";
			projectRoot = "";
			targets = (
				42E69273161735880024262E /* FlickrBrowser */,
			);
		};
/* End PBXProject section */

/* Begin PBXResourcesBuildPhase section */
		42E69272161735880024262E /* Resources */ = {
			isa = PBXResourcesBuildPhase;
			buildActionMask = 2147483647;
			files = (
				42E69283161735890024262E /* InfoPlist.strings in Resources */,
				42E6928B161735890024262E /* Default.png in Resources */,
				42E6928D161735890024262E /* Default@2x.png in Resources */,
				42E6928F161735890024262E /* Default-568h@2x.png in Resources */,
				42E69292161735890024262E /* iPhoneStoryboard.storyboard in Resources */,
				424184C6162C21E4003891B7 /* iPadStoryboard.storyboard in Resources */,
			);
			runOnlyForDeploymentPostprocessing = 0;
		};
/* End PBXResourcesBuildPhase section */

/* Begin PBXSourcesBuildPhase section */
		42E69270161735880024262E /* Sources */ = {
			isa = PBXSourcesBuildPhase;
			buildActionMask = 2147483647;
			files = (
				42E69285161735890024262E /* main.m in Sources */,
				42E69289161735890024262E /* FlickrAppAppDelegate.m in Sources */,
				42E692B516173A690024262E /* FlickrFetcher.m in Sources */,
				42E692BB161745AE0024262E /* FirstTableViewController.m in Sources */,
				42E692BE161745D50024262E /* SecondTableViewController.m in Sources */,
				42DB63DA161F58D800FBF517 /* TopPhotoViewController.m in Sources */,
				42C282D31620ADB600EFA5C7 /* ShowImageViewController.m in Sources */,
				424184E1162EF31E003891B7 /* MapViewController.m in Sources */,
				424184F0162F3DB6003891B7 /* FlickrPhotoAnnotation.m in Sources */,
				420539811635C67D0056A993 /* LocationViewController.m in Sources */,
				42053989163821EC0056A993 /* CoreDataTableViewController.m in Sources */,
				42053998163850340056A993 /* FlickrBrowser.xcdatamodeld in Sources */,
				420539B1163853DC0056A993 /* Photo+Flickr.m in Sources */,
				420539B4163858180056A993 /* Location+TakePicture.m in Sources */,
				425DA71016442B6E00D094D6 /* VacationViewController.m in Sources */,
				4277D7A716497F0600912B5D /* VacationHelper.m in Sources */,
				4277D7B3164AE60000912B5D /* Tag+Add.m in Sources */,
				4277D7BC164AED0D00912B5D /* TagsViewController.m in Sources */,
				42D31DDA164BDE710075070E /* Location.m in Sources */,
				42D31DDE164BDE730075070E /* Photo.m in Sources */,
				42D31DE1164BDE730075070E /* Tag.m in Sources */,
				42D31DE4164C13550075070E /* VacationPhotoListController.m in Sources */,
				426FBFA416515BE10051592F /* VisitUnvisitButtonController.m in Sources */,
				42F08AFE1656DF3D00DADF07 /* AddVacationViewController.m in Sources */,
				429B2F81165A8E5200E314B7 /* VacationPlanNameController.m in Sources */,
			);
			runOnlyForDeploymentPostprocessing = 0;
		};
/* End PBXSourcesBuildPhase section */

/* Begin PBXVariantGroup section */
		42E69281161735890024262E /* InfoPlist.strings */ = {
			isa = PBXVariantGroup;
			children = (
				42E69282161735890024262E /* en */,
			);
			name = InfoPlist.strings;
			sourceTree = "<group>";
		};
		42E69290161735890024262E /* iPhoneStoryboard.storyboard */ = {
			isa = PBXVariantGroup;
			children = (
				42E69291161735890024262E /* en */,
			);
			name = iPhoneStoryboard.storyboard;
			sourceTree = "<group>";
		};
/* End PBXVariantGroup section */

/* Begin XCBuildConfiguration section */
		42E692A4161735890024262E /* Debug */ = {
			isa = XCBuildConfiguration;
			buildSettings = {
				ALWAYS_SEARCH_USER_PATHS = NO;
				CLANG_CXX_LANGUAGE_STANDARD = "gnu++0x";
				CLANG_CXX_LIBRARY = "libc++";
				CLANG_ENABLE_OBJC_ARC = YES;
				CLANG_WARN_EMPTY_BODY = YES;
				CLANG_WARN__DUPLICATE_METHOD_MATCH = YES;
				"CODE_SIGN_IDENTITY[sdk=iphoneos*]" = "iPhone Developer";
				COPY_PHASE_STRIP = NO;
				GCC_C_LANGUAGE_STANDARD = gnu99;
				GCC_DYNAMIC_NO_PIC = NO;
				GCC_OPTIMIZATION_LEVEL = 0;
				GCC_PREPROCESSOR_DEFINITIONS = (
					"DEBUG=1",
					"$(inherited)",
				);
				GCC_SYMBOLS_PRIVATE_EXTERN = NO;
				GCC_WARN_ABOUT_RETURN_TYPE = YES;
				GCC_WARN_UNINITIALIZED_AUTOS = YES;
				GCC_WARN_UNUSED_VARIABLE = YES;
				IPHONEOS_DEPLOYMENT_TARGET = 5.1;
				SDKROOT = iphoneos;
				TARGETED_DEVICE_FAMILY = "1,2";
			};
			name = Debug;
		};
		42E692A5161735890024262E /* Release */ = {
			isa = XCBuildConfiguration;
			buildSettings = {
				ALWAYS_SEARCH_USER_PATHS = NO;
				CLANG_CXX_LANGUAGE_STANDARD = "gnu++0x";
				CLANG_CXX_LIBRARY = "libc++";
				CLANG_ENABLE_OBJC_ARC = YES;
				CLANG_WARN_EMPTY_BODY = YES;
				CLANG_WARN__DUPLICATE_METHOD_MATCH = YES;
				"CODE_SIGN_IDENTITY[sdk=iphoneos*]" = "iPhone Developer";
				COPY_PHASE_STRIP = YES;
				GCC_C_LANGUAGE_STANDARD = gnu99;
				GCC_WARN_ABOUT_RETURN_TYPE = YES;
				GCC_WARN_UNINITIALIZED_AUTOS = YES;
				GCC_WARN_UNUSED_VARIABLE = YES;
				IPHONEOS_DEPLOYMENT_TARGET = 5.1;
				OTHER_CFLAGS = "-DNS_BLOCK_ASSERTIONS=1";
				SDKROOT = iphoneos;
				TARGETED_DEVICE_FAMILY = "1,2";
				VALIDATE_PRODUCT = YES;
			};
			name = Release;
		};
		42E692A7161735890024262E /* Debug */ = {
			isa = XCBuildConfiguration;
			buildSettings = {
				GCC_PRECOMPILE_PREFIX_HEADER = YES;
				GCC_PREFIX_HEADER = "FlickrBrowser/FlickrBrowser-Prefix.pch";
				INFOPLIST_FILE = "FlickrBrowser/FlickrBrowser-Info.plist";
				IPHONEOS_DEPLOYMENT_TARGET = 5.1;
				PRODUCT_NAME = "$(TARGET_NAME)";
				WRAPPER_EXTENSION = app;
			};
			name = Debug;
		};
		42E692A8161735890024262E /* Release */ = {
			isa = XCBuildConfiguration;
			buildSettings = {
				GCC_PRECOMPILE_PREFIX_HEADER = YES;
				GCC_PREFIX_HEADER = "FlickrBrowser/FlickrBrowser-Prefix.pch";
				INFOPLIST_FILE = "FlickrBrowser/FlickrBrowser-Info.plist";
				IPHONEOS_DEPLOYMENT_TARGET = 5.1;
				PRODUCT_NAME = "$(TARGET_NAME)";
				WRAPPER_EXTENSION = app;
			};
			name = Release;
		};
/* End XCBuildConfiguration section */

/* Begin XCConfigurationList section */
		42E6926E161735880024262E /* Build configuration list for PBXProject "FlickrBrowser" */ = {
			isa = XCConfigurationList;
			buildConfigurations = (
				42E692A4161735890024262E /* Debug */,
				42E692A5161735890024262E /* Release */,
			);
			defaultConfigurationIsVisible = 0;
			defaultConfigurationName = Release;
		};
		42E692A6161735890024262E /* Build configuration list for PBXNativeTarget "FlickrBrowser" */ = {
			isa = XCConfigurationList;
			buildConfigurations = (
				42E692A7161735890024262E /* Debug */,
				42E692A8161735890024262E /* Release */,
			);
			defaultConfigurationIsVisible = 0;
			defaultConfigurationName = Release;
		};
/* End XCConfigurationList section */

/* Begin XCVersionGroup section */
		42053996163850340056A993 /* FlickrBrowser.xcdatamodeld */ = {
			isa = XCVersionGroup;
			children = (
				42053997163850340056A993 /* FlickrBrowser.xcdatamodel */,
			);
			currentVersion = 42053997163850340056A993 /* FlickrBrowser.xcdatamodel */;
			path = FlickrBrowser.xcdatamodeld;
			sourceTree = "<group>";
			versionGroupType = wrapper.xcdatamodel;
		};
/* End XCVersionGroup section */
	};
	rootObject = 42E6926B161735880024262E /* Project object */;
}
